lockfileVersion: 5.4

specifiers:
  '@tsconfig/recommended': ^1.0.7
  '@twind/core': ^1.1.3
  '@twind/intellisense': ^1.1.3
  '@twind/preset-autoprefix': ^1.0.7
  '@twind/preset-tailwind': ^1.1.4
  typescript: ^5.5.3

dependencies:
  '@twind/intellisense': 1.1.3_gmrgfak3invo7trrvnu65or3fu

devDependencies:
  '@tsconfig/recommended': 1.0.7
  '@twind/core': 1.1.3_typescript@5.5.4
  '@twind/preset-autoprefix': 1.0.7_gmrgfak3invo7trrvnu65or3fu
  '@twind/preset-tailwind': 1.1.4_gmrgfak3invo7trrvnu65or3fu
  typescript: 5.5.4

packages:

  /@babel/runtime/7.25.0:
    resolution: {integrity: sha512-7dRy4DwXwtzBrPbZflqxnvfxLF8kdZXPkhymtDeFoFqE6ldzjQFgYTtYIFARcLEYDrqfBfYcZt1WqFxRoyC9Rw==}
    engines: {node: '>=6.9.0'}
    dependencies:
      regenerator-runtime: 0.14.1
    dev: false

  /@ctrl/tinycolor/3.6.1:
    resolution: {integrity: sha512-SITSV6aIXsuVNV3f3O0f2n/cgyEDWoSqtZMYiAmcsYHydcKrOz3gUxB/iXd/Qf08+IZX4KpgNbvUdMBmWz+kcA==}
    engines: {node: '>=10'}
    dev: false

  /@tsconfig/recommended/1.0.7:
    resolution: {integrity: sha512-xiNMgCuoy4mCL4JTywk9XFs5xpRUcKxtWEcMR6FNMtsgewYTIgIR+nvlP4A4iRCAzRsHMnPhvTRrzp4AGcRTEA==}
    dev: true

  /@twind/core/1.1.3_typescript@5.5.4:
    resolution: {integrity: sha512-/B/aNFerMb2IeyjSJy3SJxqVxhrT77gBDknLMiZqXIRr4vNJqiuhx7KqUSRzDCwUmyGuogkamz+aOLzN6MeSLw==}
    engines: {node: '>=14.15.0'}
    peerDependencies:
      typescript: ^4.8.4
    peerDependenciesMeta:
      typescript:
        optional: true
    dependencies:
      csstype: 3.1.3
      typescript: 5.5.4

  /@twind/intellisense/1.1.3_gmrgfak3invo7trrvnu65or3fu:
    resolution: {integrity: sha512-RgONRY5Qu4Recr7huDAwDUQOA1R6OOym+XVhI0ix5eobFLgylUBzb07x++r6WRNGcbRhvhUtn2HPyYYTtwdMIw==}
    engines: {node: '>=14.15.0'}
    peerDependencies:
      '@twind/core': ^1.1.0
      typescript: ^4.8.4
    peerDependenciesMeta:
      typescript:
        optional: true
    dependencies:
      '@ctrl/tinycolor': 3.6.1
      '@twind/core': 1.1.3_typescript@5.5.4
      css-tree: 2.3.1
      cssbeautify: 0.3.1
      genex: 1.1.0
      match-sorter: 6.3.4
      quick-lru: 6.1.2
      showdown: 2.1.0
      typescript: 5.5.4
    dev: false

  /@twind/preset-autoprefix/1.0.7_gmrgfak3invo7trrvnu65or3fu:
    resolution: {integrity: sha512-3wmHO0pG/CVxYBNZUV0tWcL7CP0wD5KpyWAQE/KOalWmOVBj+nH6j3v6Y3I3pRuMFaG5DC78qbYbhA1O11uG3w==}
    engines: {node: '>=14.15.0'}
    peerDependencies:
      '@twind/core': ^1.1.0
      typescript: ^4.8.4
    peerDependenciesMeta:
      typescript:
        optional: true
    dependencies:
      '@twind/core': 1.1.3_typescript@5.5.4
      style-vendorizer: 2.2.3
      typescript: 5.5.4
    dev: true

  /@twind/preset-tailwind/1.1.4_gmrgfak3invo7trrvnu65or3fu:
    resolution: {integrity: sha512-zv85wrP/DW4AxgWrLfH7kyGn/KJF3K04FMLVl2AjoxZGYdCaoZDkL8ma3hzaKQ+WGgBFRubuB/Ku2Rtv/wjzVw==}
    engines: {node: '>=14.15.0'}
    peerDependencies:
      '@twind/core': ^1.1.0
      typescript: ^4.8.4
    peerDependenciesMeta:
      typescript:
        optional: true
    dependencies:
      '@twind/core': 1.1.3_typescript@5.5.4
      typescript: 5.5.4
    dev: true

  /commander/9.5.0:
    resolution: {integrity: sha512-KRs7WVDKg86PWiuAqhDrAQnTXZKraVcCc6vFdL14qrZ/DcWwuRo7VoiYXalXO7S5GKpqYiVEwCbgFDfxNHKJBQ==}
    engines: {node: ^12.20.0 || >=14}
    dev: false

  /css-tree/2.3.1:
    resolution: {integrity: sha512-6Fv1DV/TYw//QF5IzQdqsNDjx/wc8TrMBZsqjL9eW01tWb7R7k/mq+/VXfJCl7SoD5emsJop9cOByJZfs8hYIw==}
    engines: {node: ^10 || ^12.20.0 || ^14.13.0 || >=15.0.0}
    dependencies:
      mdn-data: 2.0.30
      source-map-js: 1.2.0
    dev: false

  /cssbeautify/0.3.1:
    resolution: {integrity: sha512-ljnSOCOiMbklF+dwPbpooyB78foId02vUrTDogWzu6ca2DCNB7Kc/BHEGBnYOlUYtwXvSW0mWTwaiO2pwFIoRg==}
    hasBin: true
    dev: false

  /csstype/3.1.3:
    resolution: {integrity: sha512-M1uQkMl8rQK/szD0LNhtqxIPLpimGm8sOBwU7lLnCpSbTyY3yeU1Vc7l4KT5zT4s/yOxHH5O7tIuuLOCnLADRw==}

  /genex/1.1.0:
    resolution: {integrity: sha512-m1hoKhRbUdG/NZdexSzmUwnue/f4oDJBOW+oJQjP6O5aNMgd7QyVOlJp1wMa2b4QYPACt7Ejt1TNcpD18Yaugg==}
    dependencies:
      ret: 0.2.2
    dev: false

  /match-sorter/6.3.4:
    resolution: {integrity: sha512-jfZW7cWS5y/1xswZo8VBOdudUiSd9nifYRWphc9M5D/ee4w4AoXLgBEdRbgVaxbMuagBPeUC5y2Hi8DO6o9aDg==}
    dependencies:
      '@babel/runtime': 7.25.0
      remove-accents: 0.5.0
    dev: false

  /mdn-data/2.0.30:
    resolution: {integrity: sha512-GaqWWShW4kv/G9IEucWScBx9G1/vsFZZJUO+tD26M8J8z3Kw5RDQjaoZe03YAClgeS/SWPOcb4nkFBTEi5DUEA==}
    dev: false

  /quick-lru/6.1.2:
    resolution: {integrity: sha512-AAFUA5O1d83pIHEhJwWCq/RQcRukCkn/NSm2QsTEMle5f2hP0ChI2+3Xb051PZCkLryI/Ir1MVKviT2FIloaTQ==}
    engines: {node: '>=12'}
    dev: false

  /regenerator-runtime/0.14.1:
    resolution: {integrity: sha512-dYnhHh0nJoMfnkZs6GmmhFknAGRrLznOu5nc9ML+EJxGvrx6H7teuevqVqCuPcPK//3eDrrjQhehXVx9cnkGdw==}
    dev: false

  /remove-accents/0.5.0:
    resolution: {integrity: sha512-8g3/Otx1eJaVD12e31UbJj1YzdtVvzH85HV7t+9MJYk/u3XmkOUJ5Ys9wQrf9PCPK8+xn4ymzqYCiZl6QWKn+A==}
    dev: false

  /ret/0.2.2:
    resolution: {integrity: sha512-M0b3YWQs7R3Z917WRQy1HHA7Ba7D8hvZg6UE5mLykJxQVE2ju0IXbGlaHPPlkY+WN7wFP+wUMXmBFA0aV6vYGQ==}
    engines: {node: '>=4'}
    dev: false

  /showdown/2.1.0:
    resolution: {integrity: sha512-/6NVYu4U819R2pUIk79n67SYgJHWCce0a5xTP979WbNp0FL9MN1I1QK662IDU1b6JzKTvmhgI7T7JYIxBi3kMQ==}
    hasBin: true
    dependencies:
      commander: 9.5.0
    dev: false

  /source-map-js/1.2.0:
    resolution: {integrity: sha512-itJW8lvSA0TXEphiRoawsCksnlf8SyvmFzIhltqAHluXd88pkCd+cXJVHTDwdCr0IzwptSm035IHQktUu1QUMg==}
    engines: {node: '>=0.10.0'}
    dev: false

  /style-vendorizer/2.2.3:
    resolution: {integrity: sha512-/VDRsWvQAgspVy9eATN3z6itKTuyg+jW1q6UoTCQCFRqPDw8bi3E1hXIKnGw5LvXS2AQPuJ7Af4auTLYeBOLEg==}
    dev: true

  /typescript/5.5.4:
    resolution: {integrity: sha512-Mtq29sKDAEYP7aljRgtPOpTvOfbwRWlS6dPRzwjdE+C0R4brX/GUyhHSecbHMFLNBLcJIPt9nl9yG5TZ1weH+Q==}
    engines: {node: '>=14.17'}
    hasBin: true
